
Microsoft Visual Studio Solution File, Format Version 12.00
# Visual Studio 15
VisualStudioVersion = 15.0.28307.168
MinimumVisualStudioVersion = 10.0.40219.1
Project("{FAE04EC0-301F-11D3-BF4B-00C04F79EFBC}") = "UIEngine", "UIEngine.csproj", "{6A11B13C-6951-440C-81C6-8ACE18608F8F}"
EndProject
Global
	GlobalSection(SolutionConfigurationPlatforms) = preSolution
		Debug|Any CPU = Debug|Any CPU
		Release|Any CPU = Release|Any CPU
	EndGlobalSection
	GlobalSection(ProjectConfigurationPlatforms) = postSolution
		{6A11B13C-6951-440C-81C6-8ACE18608F8F}.Debug|Any CPU.ActiveCfg = Debug|Any CPU
		{6A11B13C-6951-440C-81C6-8ACE18608F8F}.Debug|Any CPU.Build.0 = Debug|Any CPU
		{6A11B13C-6951-440C-81C6-8ACE18608F8F}.Release|Any CPU.ActiveCfg = Release|Any CPU
		{6A11B13C-6951-440C-81C6-8ACE18608F8F}.Release|Any CPU.Build.0 = Release|Any CPU
	EndGlobalSection
	GlobalSection(SolutionProperties) = preSolution
		HideSolutionNode = FALSE
	EndGlobalSection
	GlobalSection(ExtensibilityGlobals) = postSolution
		SolutionGuid = {4BB9577B-7EE9-4472-975E-05005A5E9EEB}
	EndGlobalSection
EndGlobal
